
Microsoft Visual Studio Solution File, Format Version 12.00
# Visual Studio 14
VisualStudioVersion = 14.0.24720.0
MinimumVisualStudioVersion = 10.0.40219.1
Project("{2150E333-8FDC-42A3-9474-1A3956D46DE8}") = "src", "src", "{4C45D2AB-0A22-4730-9C2B-D74946C8F4A7}"
EndProject
Project("{2150E333-8FDC-42A3-9474-1A3956D46DE8}") = "Solution Items", "Solution Items", "{3A6921E2-F86C-4F6E-9B51-78CF81A47A68}"
	ProjectSection(SolutionItems) = preProject
		global.json = global.json
		LICENSE = LICENSE
		README.md = README.md
	EndProjectSection
EndProject
Project("{8BB2217D-0F2D-49D1-97BC-3654ED321F3B}") = "AzureTableFramework.Core", "src\AzureTableFramework.Core\AzureTableFramework.Core.xproj", "{95640DD8-CF12-4881-9D61-6146EE5ABDEB}"
EndProject
Project("{2150E333-8FDC-42A3-9474-1A3956D46DE8}") = "test", "test", "{B645DC20-23C3-4FB5-A9C7-60F6606CC2EF}"
EndProject
Project("{2150E333-8FDC-42A3-9474-1A3956D46DE8}") = "tools", "tools", "{FB93FB18-8CD0-4D5B-9105-8C617B42A03A}"
EndProject
Project("{FAE04EC0-301F-11D3-BF4B-00C04F79EFBC}") = "AzureTableFramework.Core.Tests", "test\AzureTableFramework.Core.Tests\AzureTableFramework.Core.Tests.csproj", "{BFB2EC5F-F266-4AF5-8558-1445C26AA0CC}"
EndProject
Project("{2150E333-8FDC-42A3-9474-1A3956D46DE8}") = "samples", "samples", "{4CA2E1FC-CB44-40CC-9AC2-8EEBADB71DDE}"
EndProject
Project("{8BB2217D-0F2D-49D1-97BC-3654ED321F3B}") = "Samples.Empty", "samples\AzureTableFramework.WebApp\Samples.Empty.xproj", "{1AD5127B-CB60-48CB-AD61-3D59DD68F38E}"
EndProject
Project("{8BB2217D-0F2D-49D1-97BC-3654ED321F3B}") = "Samples.Common", "samples\AzureTableFramework.Common\Samples.Common.xproj", "{2C740B4B-3C26-4A68-8453-1E70905DC0E8}"
EndProject
Project("{FAE04EC0-301F-11D3-BF4B-00C04F79EFBC}") = "Samples.MVVM", "samples\AzureTableFramework.Samples.WebApp.MVVM\Samples.MVVM.csproj", "{A5EB9091-C7F8-41FA-8E91-988FEF2CFC71}"
EndProject
Project("{8BB2217D-0F2D-49D1-97BC-3654ED321F3B}") = "Samples.WebApp", "samples\WebApp\Samples.WebApp.xproj", "{2AB6BBE6-524A-455B-9126-4226C70B7BE3}"
EndProject
Project("{2150E333-8FDC-42A3-9474-1A3956D46DE8}") = "docs", "docs", "{5CFA3354-F374-4E75-84A0-034B3FE43AD0}"
	ProjectSection(SolutionItems) = preProject
		docs\index.rst = docs\index.rst
	EndProjectSection
EndProject
Project("{2150E333-8FDC-42A3-9474-1A3956D46DE8}") = "GettingStarted", "GettingStarted", "{4153EAAD-F36A-4DB7-B5B8-1854EDD84C4D}"
	ProjectSection(SolutionItems) = preProject
		docs\GettingStarted\index.rst = docs\GettingStarted\index.rst
	EndProjectSection
EndProject
Project("{2150E333-8FDC-42A3-9474-1A3956D46DE8}") = "Modeling", "Modeling", "{DB1B781D-F060-435F-AD2D-D52D9E1635F0}"
	ProjectSection(SolutionItems) = preProject
		docs\Modeling\index.rst = docs\Modeling\index.rst
	EndProjectSection
EndProject
Project("{2150E333-8FDC-42A3-9474-1A3956D46DE8}") = "aspnet5", "aspnet5", "{6E4B2645-D87C-4947-BF74-FB14917B613F}"
	ProjectSection(SolutionItems) = preProject
		docs\gettingstarted\aspnet5\index.rst = docs\gettingstarted\aspnet5\index.rst
	EndProjectSection
EndProject
Project("{2150E333-8FDC-42A3-9474-1A3956D46DE8}") = "full-dotnet", "full-dotnet", "{9F4CDC9B-C5B0-40DC-A0E7-4184FF3F3F4B}"
	ProjectSection(SolutionItems) = preProject
		docs\gettingstarted\full-dotnet\index.rst = docs\gettingstarted\full-dotnet\index.rst
	EndProjectSection
EndProject
Global
	GlobalSection(SolutionConfigurationPlatforms) = preSolution
		Debug|Any CPU = Debug|Any CPU
		Debug|ARM = Debug|ARM
		Debug|x64 = Debug|x64
		Debug|x86 = Debug|x86
		Release|Any CPU = Release|Any CPU
		Release|ARM = Release|ARM
		Release|x64 = Release|x64
		Release|x86 = Release|x86
	EndGlobalSection
	GlobalSection(ProjectConfigurationPlatforms) = postSolution
		{95640DD8-CF12-4881-9D61-6146EE5ABDEB}.Debug|Any CPU.ActiveCfg = Debug|Any CPU
		{95640DD8-CF12-4881-9D61-6146EE5ABDEB}.Debug|Any CPU.Build.0 = Debug|Any CPU
		{95640DD8-CF12-4881-9D61-6146EE5ABDEB}.Debug|ARM.ActiveCfg = Debug|Any CPU
		{95640DD8-CF12-4881-9D61-6146EE5ABDEB}.Debug|ARM.Build.0 = Debug|Any CPU
		{95640DD8-CF12-4881-9D61-6146EE5ABDEB}.Debug|x64.ActiveCfg = Debug|Any CPU
		{95640DD8-CF12-4881-9D61-6146EE5ABDEB}.Debug|x64.Build.0 = Debug|Any CPU
		{95640DD8-CF12-4881-9D61-6146EE5ABDEB}.Debug|x86.ActiveCfg = Debug|Any CPU
		{95640DD8-CF12-4881-9D61-6146EE5ABDEB}.Debug|x86.Build.0 = Debug|Any CPU
		{95640DD8-CF12-4881-9D61-6146EE5ABDEB}.Release|Any CPU.ActiveCfg = Release|Any CPU
		{95640DD8-CF12-4881-9D61-6146EE5ABDEB}.Release|Any CPU.Build.0 = Release|Any CPU
		{95640DD8-CF12-4881-9D61-6146EE5ABDEB}.Release|ARM.ActiveCfg = Release|Any CPU
		{95640DD8-CF12-4881-9D61-6146EE5ABDEB}.Release|ARM.Build.0 = Release|Any CPU
		{95640DD8-CF12-4881-9D61-6146EE5ABDEB}.Release|x64.ActiveCfg = Release|Any CPU
		{95640DD8-CF12-4881-9D61-6146EE5ABDEB}.Release|x64.Build.0 = Release|Any CPU
		{95640DD8-CF12-4881-9D61-6146EE5ABDEB}.Release|x86.ActiveCfg = Release|Any CPU
		{95640DD8-CF12-4881-9D61-6146EE5ABDEB}.Release|x86.Build.0 = Release|Any CPU
		{BFB2EC5F-F266-4AF5-8558-1445C26AA0CC}.Debug|Any CPU.ActiveCfg = Debug|Any CPU
		{BFB2EC5F-F266-4AF5-8558-1445C26AA0CC}.Debug|Any CPU.Build.0 = Debug|Any CPU
		{BFB2EC5F-F266-4AF5-8558-1445C26AA0CC}.Debug|ARM.ActiveCfg = Debug|Any CPU
		{BFB2EC5F-F266-4AF5-8558-1445C26AA0CC}.Debug|ARM.Build.0 = Debug|Any CPU
		{BFB2EC5F-F266-4AF5-8558-1445C26AA0CC}.Debug|x64.ActiveCfg = Debug|Any CPU
		{BFB2EC5F-F266-4AF5-8558-1445C26AA0CC}.Debug|x64.Build.0 = Debug|Any CPU
		{BFB2EC5F-F266-4AF5-8558-1445C26AA0CC}.Debug|x86.ActiveCfg = Debug|Any CPU
		{BFB2EC5F-F266-4AF5-8558-1445C26AA0CC}.Debug|x86.Build.0 = Debug|Any CPU
		{BFB2EC5F-F266-4AF5-8558-1445C26AA0CC}.Release|Any CPU.ActiveCfg = Release|Any CPU
		{BFB2EC5F-F266-4AF5-8558-1445C26AA0CC}.Release|Any CPU.Build.0 = Release|Any CPU
		{BFB2EC5F-F266-4AF5-8558-1445C26AA0CC}.Release|ARM.ActiveCfg = Release|Any CPU
		{BFB2EC5F-F266-4AF5-8558-1445C26AA0CC}.Release|ARM.Build.0 = Release|Any CPU
		{BFB2EC5F-F266-4AF5-8558-1445C26AA0CC}.Release|x64.ActiveCfg = Release|Any CPU
		{BFB2EC5F-F266-4AF5-8558-1445C26AA0CC}.Release|x64.Build.0 = Release|Any CPU
		{BFB2EC5F-F266-4AF5-8558-1445C26AA0CC}.Release|x86.ActiveCfg = Release|Any CPU
		{BFB2EC5F-F266-4AF5-8558-1445C26AA0CC}.Release|x86.Build.0 = Release|Any CPU
		{1AD5127B-CB60-48CB-AD61-3D59DD68F38E}.Debug|Any CPU.ActiveCfg = Debug|Any CPU
		{1AD5127B-CB60-48CB-AD61-3D59DD68F38E}.Debug|ARM.ActiveCfg = Debug|Any CPU
		{1AD5127B-CB60-48CB-AD61-3D59DD68F38E}.Debug|ARM.Build.0 = Debug|Any CPU
		{1AD5127B-CB60-48CB-AD61-3D59DD68F38E}.Debug|x64.ActiveCfg = Debug|Any CPU
		{1AD5127B-CB60-48CB-AD61-3D59DD68F38E}.Debug|x64.Build.0 = Debug|Any CPU
		{1AD5127B-CB60-48CB-AD61-3D59DD68F38E}.Debug|x86.ActiveCfg = Debug|Any CPU
		{1AD5127B-CB60-48CB-AD61-3D59DD68F38E}.Debug|x86.Build.0 = Debug|Any CPU
		{1AD5127B-CB60-48CB-AD61-3D59DD68F38E}.Release|Any CPU.ActiveCfg = Release|Any CPU
		{1AD5127B-CB60-48CB-AD61-3D59DD68F38E}.Release|Any CPU.Build.0 = Release|Any CPU
		{1AD5127B-CB60-48CB-AD61-3D59DD68F38E}.Release|ARM.ActiveCfg = Release|Any CPU
		{1AD5127B-CB60-48CB-AD61-3D59DD68F38E}.Release|ARM.Build.0 = Release|Any CPU
		{1AD5127B-CB60-48CB-AD61-3D59DD68F38E}.Release|x64.ActiveCfg = Release|Any CPU
		{1AD5127B-CB60-48CB-AD61-3D59DD68F38E}.Release|x64.Build.0 = Release|Any CPU
		{1AD5127B-CB60-48CB-AD61-3D59DD68F38E}.Release|x86.ActiveCfg = Release|Any CPU
		{1AD5127B-CB60-48CB-AD61-3D59DD68F38E}.Release|x86.Build.0 = Release|Any CPU
		{2C740B4B-3C26-4A68-8453-1E70905DC0E8}.Debug|Any CPU.ActiveCfg = Debug|Any CPU
		{2C740B4B-3C26-4A68-8453-1E70905DC0E8}.Debug|Any CPU.Build.0 = Debug|Any CPU
		{2C740B4B-3C26-4A68-8453-1E70905DC0E8}.Debug|ARM.ActiveCfg = Debug|Any CPU
		{2C740B4B-3C26-4A68-8453-1E70905DC0E8}.Debug|ARM.Build.0 = Debug|Any CPU
		{2C740B4B-3C26-4A68-8453-1E70905DC0E8}.Debug|x64.ActiveCfg = Debug|Any CPU
		{2C740B4B-3C26-4A68-8453-1E70905DC0E8}.Debug|x64.Build.0 = Debug|Any CPU
		{2C740B4B-3C26-4A68-8453-1E70905DC0E8}.Debug|x86.ActiveCfg = Debug|Any CPU
		{2C740B4B-3C26-4A68-8453-1E70905DC0E8}.Debug|x86.Build.0 = Debug|Any CPU
		{2C740B4B-3C26-4A68-8453-1E70905DC0E8}.Release|Any CPU.ActiveCfg = Release|Any CPU
		{2C740B4B-3C26-4A68-8453-1E70905DC0E8}.Release|Any CPU.Build.0 = Release|Any CPU
		{2C740B4B-3C26-4A68-8453-1E70905DC0E8}.Release|ARM.ActiveCfg = Release|Any CPU
		{2C740B4B-3C26-4A68-8453-1E70905DC0E8}.Release|ARM.Build.0 = Release|Any CPU
		{2C740B4B-3C26-4A68-8453-1E70905DC0E8}.Release|x64.ActiveCfg = Release|Any CPU
		{2C740B4B-3C26-4A68-8453-1E70905DC0E8}.Release|x64.Build.0 = Release|Any CPU
		{2C740B4B-3C26-4A68-8453-1E70905DC0E8}.Release|x86.ActiveCfg = Release|Any CPU
		{2C740B4B-3C26-4A68-8453-1E70905DC0E8}.Release|x86.Build.0 = Release|Any CPU
		{A5EB9091-C7F8-41FA-8E91-988FEF2CFC71}.Debug|Any CPU.ActiveCfg = Debug|Any CPU
		{A5EB9091-C7F8-41FA-8E91-988FEF2CFC71}.Debug|ARM.ActiveCfg = Debug|Any CPU
		{A5EB9091-C7F8-41FA-8E91-988FEF2CFC71}.Debug|ARM.Build.0 = Debug|Any CPU
		{A5EB9091-C7F8-41FA-8E91-988FEF2CFC71}.Debug|x64.ActiveCfg = Debug|Any CPU
		{A5EB9091-C7F8-41FA-8E91-988FEF2CFC71}.Debug|x64.Build.0 = Debug|Any CPU
		{A5EB9091-C7F8-41FA-8E91-988FEF2CFC71}.Debug|x86.ActiveCfg = Debug|Any CPU
		{A5EB9091-C7F8-41FA-8E91-988FEF2CFC71}.Debug|x86.Build.0 = Debug|Any CPU
		{A5EB9091-C7F8-41FA-8E91-988FEF2CFC71}.Release|Any CPU.ActiveCfg = Release|Any CPU
		{A5EB9091-C7F8-41FA-8E91-988FEF2CFC71}.Release|Any CPU.Build.0 = Release|Any CPU
		{A5EB9091-C7F8-41FA-8E91-988FEF2CFC71}.Release|ARM.ActiveCfg = Release|Any CPU
		{A5EB9091-C7F8-41FA-8E91-988FEF2CFC71}.Release|ARM.Build.0 = Release|Any CPU
		{A5EB9091-C7F8-41FA-8E91-988FEF2CFC71}.Release|x64.ActiveCfg = Release|Any CPU
		{A5EB9091-C7F8-41FA-8E91-988FEF2CFC71}.Release|x64.Build.0 = Release|Any CPU
		{A5EB9091-C7F8-41FA-8E91-988FEF2CFC71}.Release|x86.ActiveCfg = Release|Any CPU
		{A5EB9091-C7F8-41FA-8E91-988FEF2CFC71}.Release|x86.Build.0 = Release|Any CPU
		{2AB6BBE6-524A-455B-9126-4226C70B7BE3}.Debug|Any CPU.ActiveCfg = Debug|Any CPU
		{2AB6BBE6-524A-455B-9126-4226C70B7BE3}.Debug|Any CPU.Build.0 = Debug|Any CPU
		{2AB6BBE6-524A-455B-9126-4226C70B7BE3}.Debug|ARM.ActiveCfg = Debug|Any CPU
		{2AB6BBE6-524A-455B-9126-4226C70B7BE3}.Debug|ARM.Build.0 = Debug|Any CPU
		{2AB6BBE6-524A-455B-9126-4226C70B7BE3}.Debug|x64.ActiveCfg = Debug|Any CPU
		{2AB6BBE6-524A-455B-9126-4226C70B7BE3}.Debug|x64.Build.0 = Debug|Any CPU
		{2AB6BBE6-524A-455B-9126-4226C70B7BE3}.Debug|x86.ActiveCfg = Debug|Any CPU
		{2AB6BBE6-524A-455B-9126-4226C70B7BE3}.Debug|x86.Build.0 = Debug|Any CPU
		{2AB6BBE6-524A-455B-9126-4226C70B7BE3}.Release|Any CPU.ActiveCfg = Release|Any CPU
		{2AB6BBE6-524A-455B-9126-4226C70B7BE3}.Release|Any CPU.Build.0 = Release|Any CPU
		{2AB6BBE6-524A-455B-9126-4226C70B7BE3}.Release|ARM.ActiveCfg = Release|Any CPU
		{2AB6BBE6-524A-455B-9126-4226C70B7BE3}.Release|ARM.Build.0 = Release|Any CPU
		{2AB6BBE6-524A-455B-9126-4226C70B7BE3}.Release|x64.ActiveCfg = Release|Any CPU
		{2AB6BBE6-524A-455B-9126-4226C70B7BE3}.Release|x64.Build.0 = Release|Any CPU
		{2AB6BBE6-524A-455B-9126-4226C70B7BE3}.Release|x86.ActiveCfg = Release|Any CPU
		{2AB6BBE6-524A-455B-9126-4226C70B7BE3}.Release|x86.Build.0 = Release|Any CPU
	EndGlobalSection
	GlobalSection(SolutionProperties) = preSolution
		HideSolutionNode = FALSE
	EndGlobalSection
	GlobalSection(NestedProjects) = preSolution
		{95640DD8-CF12-4881-9D61-6146EE5ABDEB} = {4C45D2AB-0A22-4730-9C2B-D74946C8F4A7}
		{BFB2EC5F-F266-4AF5-8558-1445C26AA0CC} = {B645DC20-23C3-4FB5-A9C7-60F6606CC2EF}
		{1AD5127B-CB60-48CB-AD61-3D59DD68F38E} = {4CA2E1FC-CB44-40CC-9AC2-8EEBADB71DDE}
		{2C740B4B-3C26-4A68-8453-1E70905DC0E8} = {4CA2E1FC-CB44-40CC-9AC2-8EEBADB71DDE}
		{A5EB9091-C7F8-41FA-8E91-988FEF2CFC71} = {4CA2E1FC-CB44-40CC-9AC2-8EEBADB71DDE}
		{2AB6BBE6-524A-455B-9126-4226C70B7BE3} = {4CA2E1FC-CB44-40CC-9AC2-8EEBADB71DDE}
		{4153EAAD-F36A-4DB7-B5B8-1854EDD84C4D} = {5CFA3354-F374-4E75-84A0-034B3FE43AD0}
		{DB1B781D-F060-435F-AD2D-D52D9E1635F0} = {5CFA3354-F374-4E75-84A0-034B3FE43AD0}
		{6E4B2645-D87C-4947-BF74-FB14917B613F} = {4153EAAD-F36A-4DB7-B5B8-1854EDD84C4D}
		{9F4CDC9B-C5B0-40DC-A0E7-4184FF3F3F4B} = {4153EAAD-F36A-4DB7-B5B8-1854EDD84C4D}
	EndGlobalSection
EndGlobal
